// !$*UTF8*$!
{
	archiveVersion = 1;
	classes = {
	};
	objectVersion = 46;
	objects = {

/* Begin PBXBuildFile section */
		97AE48CD1A43BACA001E8AD0 /* Slot.swift in Sources */ = {isa = PBXBuildFile; fileRef = 97AE48CC1A43BACA001E8AD0 /* Slot.swift */; };
		97AE496C1A43DFC7001E8AD0 /* Factory.swift in Sources */ = {isa = PBXBuildFile; fileRef = 97AE496B1A43DFC7001E8AD0 /* Factory.swift */; };
		97AE496E1A4AF481001E8AD0 /* SlotBrain.swift in Sources */ = {isa = PBXBuildFile; fileRef = 97AE496D1A4AF481001E8AD0 /* SlotBrain.swift */; };
		97BCC4FD1A3F97FF009ED566 /* AppDelegate.swift in Sources */ = {isa = PBXBuildFile; fileRef = 97BCC4FC1A3F97FF009ED566 /* AppDelegate.swift */; };
		97BCC4FF1A3F97FF009ED566 /* ViewController.swift in Sources */ = {isa = PBXBuildFile; fileRef = 97BCC4FE1A3F97FF009ED566 /* ViewController.swift */; };
		97BCC5021A3F97FF009ED566 /* Main.storyboard in Resources */ = {isa = PBXBuildFile; fileRef = 97BCC5001A3F97FF009ED566 /* Main.storyboard */; };
		97BCC5041A3F97FF009ED566 /* Images.xcassets in Resources */ = {isa = PBXBuildFile; fileRef = 97BCC5031A3F97FF009ED566 /* Images.xcassets */; };
		97BCC5071A3F97FF009ED566 /* LaunchScreen.xib in Resources */ = {isa = PBXBuildFile; fileRef = 97BCC5051A3F97FF009ED566 /* LaunchScreen.xib */; };
		97BCC5131A3F97FF009ED566 /* SlotMachineTests.swift in Sources */ = {isa = PBXBuildFile; fileRef = 97BCC5121A3F97FF009ED566 /* SlotMachineTests.swift */; };
/* End PBXBuildFile section */

/* Begin PBXContainerItemProxy section */
		97BCC50D1A3F97FF009ED566 /* PBXContainerItemProxy */ = {
			isa = PBXContainerItemProxy;
			containerPortal = 97BCC4EF1A3F97FF009ED566 /* Project object */;
			proxyType = 1;
			remoteGlobalIDString = 97BCC4F61A3F97FF009ED566;
			remoteInfo = SlotMachine;
		};
/* End PBXContainerItemProxy section */

/* Begin PBXFileReference section */
		97AE48CC1A43BACA001E8AD0 /* Slot.swift */ = {isa = PBXFileReference; fileEncoding = 4; lastKnownFileType = sourcecode.swift; path = Slot.swift; sourceTree = "<group>"; };
		97AE496B1A43DFC7001E8AD0 /* Factory.swift */ = {isa = PBXFileReference; fileEncoding = 4; lastKnownFileType = sourcecode.swift; path = Factory.swift; sourceTree = "<group>"; };
		97AE496D1A4AF481001E8AD0 /* SlotBrain.swift */ = {isa = PBXFileReference; fileEncoding = 4; lastKnownFileType = sourcecode.swift; path = SlotBrain.swift; sourceTree = "<group>"; };
		97BCC4F71A3F97FF009ED566 /* SlotMachine.app */ = {isa = PBXFileReference; explicitFileType = wrapper.application; includeInIndex = 0; path = SlotMachine.app; sourceTree = BUILT_PRODUCTS_DIR; };
		97BCC4FB1A3F97FF009ED566 /* Info.plist */ = {isa = PBXFileReference; lastKnownFileType = text.plist.xml; path = Info.plist; sourceTree = "<group>"; };
		97BCC4FC1A3F97FF009ED566 /* AppDelegate.swift */ = {isa = PBXFileReference; lastKnownFileType = sourcecode.swift; path = AppDelegate.swift; sourceTree = "<group>"; };
		97BCC4FE1A3F97FF009ED566 /* ViewController.swift */ = {isa = PBXFileReference; lastKnownFileType = sourcecode.swift; path = ViewController.swift; sourceTree = "<group>"; };
		97BCC5011A3F97FF009ED566 /* Base */ = {isa = PBXFileReference; lastKnownFileType = file.storyboard; name = Base; path = Base.lproj/Main.storyboard; sourceTree = "<group>"; };
		97BCC5031A3F97FF009ED566 /* Images.xcassets */ = {isa = PBXFileReference; lastKnownFileType = folder.assetcatalog; path = Images.xcassets; sourceTree = "<group>"; };
		97BCC5061A3F97FF009ED566 /* Base */ = {isa = PBXFileReference; lastKnownFileType = file.xib; name = Base; path = Base.lproj/LaunchScreen.xib; sourceTree = "<group>"; };
		97BCC50C1A3F97FF009ED566 /* SlotMachineTests.xctest */ = {isa = PBXFileReference; explicitFileType = wrapper.cfbundle; includeInIndex = 0; path = SlotMachineTests.xctest; sourceTree = BUILT_PRODUCTS_DIR; };
		97BCC5111A3F97FF009ED566 /* Info.plist */ = {isa = PBXFileReference; lastKnownFileType = text.plist.xml; path = Info.plist; sourceTree = "<group>"; };
		97BCC5121A3F97FF009ED566 /* SlotMachineTests.swift */ = {isa = PBXFileReference; lastKnownFileType = sourcecode.swift; path = SlotMachineTests.swift; sourceTree = "<group>"; };
/* End PBXFileReference section */

/* Begin PBXFrameworksBuildPhase section */
		97BCC4F41A3F97FF009ED566 /* Frameworks */ = {
			isa = PBXFrameworksBuildPhase;
			buildActionMask = 2147483647;
			files = (
			);
			runOnlyForDeploymentPostprocessing = 0;
		};
		97BCC5091A3F97FF009ED566 /* Frameworks */ = {
			isa = PBXFrameworksBuildPhase;
			buildActionMask = 2147483647;
			files = (
			);
			runOnlyForDeploymentPostprocessing = 0;
		};
/* End PBXFrameworksBuildPhase section */

/* Begin PBXGroup section */
		97BCC4EE1A3F97FF009ED566 = {
			isa = PBXGroup;
			children = (
				97BCC4F91A3F97FF009ED566 /* SlotMachine */,
				97BCC50F1A3F97FF009ED566 /* SlotMachineTests */,
				97BCC4F81A3F97FF009ED566 /* Products */,
			);
			sourceTree = "<group>";
		};
		97BCC4F81A3F97FF009ED566 /* Products */ = {
			isa = PBXGroup;
			children = (
				97BCC4F71A3F97FF009ED566 /* SlotMachine.app */,
				97BCC50C1A3F97FF009ED566 /* SlotMachineTests.xctest */,
			);
			name = Products;
			sourceTree = "<group>";
		};
		97BCC4F91A3F97FF009ED566 /* SlotMachine */ = {
			isa = PBXGroup;
			children = (
				97BCC4FC1A3F97FF009ED566 /* AppDelegate.swift */,
				97BCC4FE1A3F97FF009ED566 /* ViewController.swift */,
				97AE496D1A4AF481001E8AD0 /* SlotBrain.swift */,
				97AE48CC1A43BACA001E8AD0 /* Slot.swift */,
				97BCC5001A3F97FF009ED566 /* Main.storyboard */,
				97BCC5031A3F97FF009ED566 /* Images.xcassets */,
				97AE496B1A43DFC7001E8AD0 /* Factory.swift */,
				97BCC5051A3F97FF009ED566 /* LaunchScreen.xib */,
				97BCC4FA1A3F97FF009ED566 /* Supporting Files */,
			);
			path = SlotMachine;
			sourceTree = "<group>";
		};
		97BCC4FA1A3F97FF009ED566 /* Supporting Files */ = {
			isa = PBXGroup;
			children = (
				97BCC4FB1A3F97FF009ED566 /* Info.plist */,
			);
			name = "Supporting Files";
			sourceTree = "<group>";
		};
		97BCC50F1A3F97FF009ED566 /* SlotMachineTests */ = {
			isa = PBXGroup;
			children = (
				97BCC5121A3F97FF009ED566 /* SlotMachineTests.swift */,
				97BCC5101A3F97FF009ED566 /* Supporting Files */,
			);
			path = SlotMachineTests;
			sourceTree = "<group>";
		};
		97BCC5101A3F97FF009ED566 /* Supporting Files */ = {
			isa = PBXGroup;
			children = (
				97BCC5111A3F97FF009ED566 /* Info.plist */,
			);
			name = "Supporting Files";
			sourceTree = "<group>";
		};
/* End PBXGroup section */

/* Begin PBXNativeTarget section */
		97BCC4F61A3F97FF009ED566 /* SlotMachine */ = {
			isa = PBXNativeTarget;
			buildConfigurationList = 97BCC5161A3F97FF009ED566 /* Build configuration list for PBXNativeTarget "SlotMachine" */;
			buildPhases = (
				97BCC4F31A3F97FF009ED566 /* Sources */,
				97BCC4F41A3F97FF009ED566 /* Frameworks */,
				97BCC4F51A3F97FF009ED566 /* Resources */,
			);
			buildRules = (
			);
			dependencies = (
			);
			name = SlotMachine;
			productName = SlotMachine;
			productReference = 97BCC4F71A3F97FF009ED566 /* SlotMachine.app */;
			productType = "com.apple.product-type.application";
		};
		97BCC50B1A3F97FF009ED566 /* SlotMachineTests */ = {
			isa = PBXNativeTarget;
			buildConfigurationList = 97BCC5191A3F97FF009ED566 /* Build configuration list for PBXNativeTarget "SlotMachineTests" */;
			buildPhases = (
				97BCC5081A3F97FF009ED566 /* Sources */,
				97BCC5091A3F97FF009ED566 /* Frameworks */,
				97BCC50A1A3F97FF009ED566 /* Resources */,
			);
			buildRules = (
			);
			dependencies = (
				97BCC50E1A3F97FF009ED566 /* PBXTargetDependency */,
			);
			name = SlotMachineTests;
			productName = SlotMachineTests;
			productReference = 97BCC50C1A3F97FF009ED566 /* SlotMachineTests.xctest */;
			productType = "com.apple.product-type.bundle.unit-test";
		};
/* End PBXNativeTarget section */

/* Begin PBXProject section */
		97BCC4EF1A3F97FF009ED566 /* Project object */ = {
			isa = PBXProject;
			attributes = {
				LastUpgradeCheck = 0600;
				ORGANIZATIONNAME = "Addo Labs";
				TargetAttributes = {
					97BCC4F61A3F97FF009ED566 = {
						CreatedOnToolsVersion = 6.0;
					};
					97BCC50B1A3F97FF009ED566 = {
						CreatedOnToolsVersion = 6.0;
						TestTargetID = 97BCC4F61A3F97FF009ED566;
					};
				};
			};
			buildConfigurationList = 97BCC4F21A3F97FF009ED566 /* Build configuration list for PBXProject "SlotMachine" */;
			compatibilityVersion = "Xcode 3.2";
			developmentRegion = English;
			hasScannedForEncodings = 0;
			knownRegions = (
				en,
				Base,
			);
			mainGroup = 97BCC4EE1A3F97FF009ED566;
			productRefGroup = 97BCC4F81A3F97FF009ED566 /* Products */;
			projectDirPath = "";
			projectRoot = "";
			targets = (
				97BCC4F61A3F97FF009ED566 /* SlotMachine */,
				97BCC50B1A3F97FF009ED566 /* SlotMachineTests */,
			);
		};
/* End PBXProject section */

/* Begin PBXResourcesBuildPhase section */
		97BCC4F51A3F97FF009ED566 /* Resources */ = {
			isa = PBXResourcesBuildPhase;
			buildActionMask = 2147483647;
			files = (
				97BCC5021A3F97FF009ED566 /* Main.storyboard in Resources */,
				97BCC5071A3F97FF009ED566 /* LaunchScreen.xib in Resources */,
				97BCC5041A3F97FF009ED566 /* Images.xcassets in Resources */,
			);
			runOnlyForDeploymentPostprocessing = 0;
		};
		97BCC50A1A3F97FF009ED566 /* Resources */ = {
			isa = PBXResourcesBuildPhase;
			buildActionMask = 2147483647;
			files = (
			);
			runOnlyForDeploymentPostprocessing = 0;
		};
/* End PBXResourcesBuildPhase section */

/* Begin PBXSourcesBuildPhase section */
		97BCC4F31A3F97FF009ED566 /* Sources */ = {
			isa = PBXSourcesBuildPhase;
			buildActionMask = 2147483647;
			files = (
				97AE496C1A43DFC7001E8AD0 /* Factory.swift in Sources */,
				97BCC4FF1A3F97FF009ED566 /* ViewController.swift in Sources */,
				97AE48CD1A43BACA001E8AD0 /* Slot.swift in Sources */,
				97BCC4FD1A3F97FF009ED566 /* AppDelegate.swift in Sources */,
				97AE496E1A4AF481001E8AD0 /* SlotBrain.swift in Sources */,
			);
			runOnlyForDeploymentPostprocessing = 0;
		};
		97BCC5081A3F97FF009ED566 /* Sources */ = {
			isa = PBXSourcesBuildPhase;
			buildActionMask = 2147483647;
			files = (
				97BCC5131A3F97FF009ED566 /* SlotMachineTests.swift in Sources */,
			);
			runOnlyForDeploymentPostprocessing = 0;
		};
/* End PBXSourcesBuildPhase section */

/* Begin PBXTargetDependency section */
		97BCC50E1A3F97FF009ED566 /* PBXTargetDependency */ = {
			isa = PBXTargetDependency;
			target = 97BCC4F61A3F97FF009ED566 /* SlotMachine */;
			targetProxy = 97BCC50D1A3F97FF009ED566 /* PBXContainerItemProxy */;
		};
/* End PBXTargetDependency section */

/* Begin PBXVariantGroup section */
		97BCC5001A3F97FF009ED566 /* Main.storyboard */ = {
			isa = PBXVariantGroup;
			children = (
				97BCC5011A3F97FF009ED566 /* Base */,
			);
			name = Main.storyboard;
			sourceTree = "<group>";
		};
		97BCC5051A3F97FF009ED566 /* LaunchScreen.xib */ = {
			isa = PBXVariantGroup;
			children = (
				97BCC5061A3F97FF009ED566 /* Base */,
			);
			name = LaunchScreen.xib;
			sourceTree = "<group>";
		};
/* End PBXVariantGroup section */

/* Begin XCBuildConfiguration section */
		97BCC5141A3F97FF009ED566 /* Debug */ = {
			isa = XCBuildConfiguration;
			buildSettings = {
				ALWAYS_SEARCH_USER_PATHS = NO;
				CLANG_CXX_LANGUAGE_STANDARD = "gnu++0x";
				CLANG_CXX_LIBRARY = "libc++";
				CLANG_ENABLE_MODULES = YES;
				CLANG_ENABLE_OBJC_ARC = YES;
				CLANG_WARN_BOOL_CONVERSION = YES;
				CLANG_WARN_CONSTANT_CONVERSION = YES;
				CLANG_WARN_DIRECT_OBJC_ISA_USAGE = YES_ERROR;
				CLANG_WARN_EMPTY_BODY = YES;
				CLANG_WARN_ENUM_CONVERSION = YES;
				CLANG_WARN_INT_CONVERSION = YES;
				CLANG_WARN_OBJC_ROOT_CLASS = YES_ERROR;
				CLANG_WARN_UNREACHABLE_CODE = YES;
				CLANG_WARN__DUPLICATE_METHOD_MATCH = YES;
				"CODE_SIGN_IDENTITY[sdk=iphoneos*]" = "iPhone Developer";
				COPY_PHASE_STRIP = NO;
				ENABLE_STRICT_OBJC_MSGSEND = YES;
				GCC_C_LANGUAGE_STANDARD = gnu99;
				GCC_DYNAMIC_NO_PIC = NO;
				GCC_OPTIMIZATION_LEVEL = 0;
				GCC_PREPROCESSOR_DEFINITIONS = (
					"DEBUG=1",
					"$(inherited)",
				);
				GCC_SYMBOLS_PRIVATE_EXTERN = NO;
				GCC_WARN_64_TO_32_BIT_CONVERSION = YES;
				GCC_WARN_ABOUT_RETURN_TYPE = YES_ERROR;
				GCC_WARN_UNDECLARED_SELECTOR = YES;
				GCC_WARN_UNINITIALIZED_AUTOS = YES_AGGRESSIVE;
				GCC_WARN_UNUSED_FUNCTION = YES;
				GCC_WARN_UNUSED_VARIABLE = YES;
				IPHONEOS_DEPLOYMENT_TARGET = 8.0;
				MTL_ENABLE_DEBUG_INFO = YES;
				ONLY_ACTIVE_ARCH = YES;
				SDKROOT = iphoneos;
				SWIFT_OPTIMIZATION_LEVEL = "-Onone";
				TARGETED_DEVICE_FAMILY = "1,2";
			};
			name = Debug;
		};
		97BCC5151A3F97FF009ED566 /* Release */ = {
			isa = XCBuildConfiguration;
			buildSettings = {
				ALWAYS_SEARCH_USER_PATHS = NO;
				CLANG_CXX_LANGUAGE_STANDARD = "gnu++0x";
				CLANG_CXX_LIBRARY = "libc++";
				CLANG_ENABLE_MODULES = YES;
				CLANG_ENABLE_OBJC_ARC = YES;
				CLANG_WARN_BOOL_CONVERSION = YES;
				CLANG_WARN_CONSTANT_CONVERSION = YES;
				CLANG_WARN_DIRECT_OBJC_ISA_USAGE = YES_ERROR;
				CLANG_WARN_EMPTY_BODY = YES;
				CLANG_WARN_ENUM_CONVERSION = YES;
				CLANG_WARN_INT_CONVERSION = YES;
				CLANG_WARN_OBJC_ROOT_CLASS = YES_ERROR;
				CLANG_WARN_UNREACHABLE_CODE = YES;
				CLANG_WARN__DUPLICATE_METHOD_MATCH = YES;
				"CODE_SIGN_IDENTITY[sdk=iphoneos*]" = "iPhone Developer";
				COPY_PHASE_STRIP = YES;
				ENABLE_NS_ASSERTIONS = NO;
				ENABLE_STRICT_OBJC_MSGSEND = YES;
				GCC_C_LANGUAGE_STANDARD = gnu99;
				GCC_WARN_64_TO_32_BIT_CONVERSION = YES;
				GCC_WARN_ABOUT_RETURN_TYPE = YES_ERROR;
				GCC_WARN_UNDECLARED_SELECTOR = YES;
				GCC_WARN_UNINITIALIZED_AUTOS = YES_AGGRESSIVE;
				GCC_WARN_UNUSED_FUNCTION = YES;
				GCC_WARN_UNUSED_VARIABLE = YES;
				IPHONEOS_DEPLOYMENT_TARGET = 8.0;
				MTL_ENABLE_DEBUG_INFO = NO;
				SDKROOT = iphoneos;
				TARGETED_DEVICE_FAMILY = "1,2";
				VALIDATE_PRODUCT = YES;
			};
			name = Release;
		};
		97BCC5171A3F97FF009ED566 /* Debug */ = {
			isa = XCBuildConfiguration;
			buildSettings = {
				ASSETCATALOG_COMPILER_APPICON_NAME = AppIcon;
				INFOPLIST_FILE = SlotMachine/Info.plist;
				LD_RUNPATH_SEARCH_PATHS = "$(inherited) @executable_path/Frameworks";
				PRODUCT_NAME = "$(TARGET_NAME)";
			};
			name = Debug;
		};
		97BCC5181A3F97FF009ED566 /* Release */ = {
			isa = XCBuildConfiguration;
			buildSettings = {
				ASSETCATALOG_COMPILER_APPICON_NAME = AppIcon;
				INFOPLIST_FILE = SlotMachine/Info.plist;
				LD_RUNPATH_SEARCH_PATHS = "$(inherited) @executable_path/Frameworks";
				PRODUCT_NAME = "$(TARGET_NAME)";
			};
			name = Release;
		};
		97BCC51A1A3F97FF009ED566 /* Debug */ = {
			isa = XCBuildConfiguration;
			buildSettings = {
				BUNDLE_LOADER = "$(TEST_HOST)";
				FRAMEWORK_SEARCH_PATHS = (
					"$(SDKROOT)/Developer/Library/Frameworks",
					"$(inherited)",
				);
				GCC_PREPROCESSOR_DEFINITIONS = (
					"DEBUG=1",
					"$(inherited)",
				);
				INFOPLIST_FILE = SlotMachineTests/Info.plist;
				LD_RUNPATH_SEARCH_PATHS = "$(inherited) @executable_path/Frameworks @loader_path/Frameworks";
				PRODUCT_NAME = "$(TARGET_NAME)";
				TEST_HOST = "$(BUILT_PRODUCTS_DIR)/SlotMachine.app/SlotMachine";
			};
			name = Debug;
		};
		97BCC51B1A3F97FF009ED566 /* Release */ = {
			isa = XCBuildConfiguration;
			buildSettings = {
				BUNDLE_LOADER = "$(TEST_HOST)";
				FRAMEWORK_SEARCH_PATHS = (
					"$(SDKROOT)/Developer/Library/Frameworks",
					"$(inherited)",
				);
				INFOPLIST_FILE = SlotMachineTests/Info.plist;
				LD_RUNPATH_SEARCH_PATHS = "$(inherited) @executable_path/Frameworks @loader_path/Frameworks";
				PRODUCT_NAME = "$(TARGET_NAME)";
				TEST_HOST = "$(BUILT_PRODUCTS_DIR)/SlotMachine.app/SlotMachine";
			};
			name = Release;
		};
/* End XCBuildConfiguration section */

/* Begin XCConfigurationList section */
		97BCC4F21A3F97FF009ED566 /* Build configuration list for PBXProject "SlotMachine" */ = {
			isa = XCConfigurationList;
			buildConfigurations = (
				97BCC5141A3F97FF009ED566 /* Debug */,
				97BCC5151A3F97FF009ED566 /* Release */,
			);
			defaultConfigurationIsVisible = 0;
			defaultConfigurationName = Release;
		};
		97BCC5161A3F97FF009ED566 /* Build configuration list for PBXNativeTarget "SlotMachine" */ = {
			isa = XCConfigurationList;
			buildConfigurations = (
				97BCC5171A3F97FF009ED566 /* Debug */,
				97BCC5181A3F97FF009ED566 /* Release */,
			);
			defaultConfigurationIsVisible = 0;
			defaultConfigurationName = Release;
		};
		97BCC5191A3F97FF009ED566 /* Build configuration list for PBXNativeTarget "SlotMachineTests" */ = {
			isa = XCConfigurationList;
			buildConfigurations = (
				97BCC51A1A3F97FF009ED566 /* Debug */,
				97BCC51B1A3F97FF009ED566 /* Release */,
			);
			defaultConfigurationIsVisible = 0;
			defaultConfigurationName = Release;
		};
/* End XCConfigurationList section */
	};
	rootObject = 97BCC4EF1A3F97FF009ED566 /* Project object */;
}
